{
  "lockfile_version": "1",
  "packages": {
    "github:NixOS/nixpkgs/nixpkgs-unstable": {
      "last_modified": "2025-06-02T09:36:13Z",
      "resolved": "github:NixOS/nixpkgs/e4b09e47ace7d87de083786b404bf232eb6c89d8?lastModified=1748856973&narHash=sha256-RlTsJUvvr8ErjPBsiwrGbbHYW8XbB%2Foek0Gi78XdWKg%3D"
    },
    "nodejs@23.11.0": {
      "last_modified": "2025-05-04T04:25:16Z",
      "plugin_version": "0.0.2",
      "resolved": "github:NixOS/nixpkgs/6b1c028bce9c89e9824cde040d6986d428296055#nodejs_23",
      "source": "devbox-search",
      "version": "23.11.0",
      "systems": {
        "aarch64-darwin": {
          "outputs": [
            {
              "name": "out",
              "path": "/nix/store/gdh7lnl6ksw2s9j65ah0jnr93cypq0zr-nodejs-23.11.0",
              "default": true
            },
            {
              "name": "libv8",
              "path": "/nix/store/yf4hi5pps1ciplvlrfdvmzdyv0z24l2x-nodejs-23.11.0-libv8"
            },
            {
              "name": "dev",
              "path": "/nix/store/g1c4jg5r4x6jg3zpirgmw9na2swv94sw-nodejs-23.11.0-dev"
            }
          ],
          "store_path": "/nix/store/gdh7lnl6ksw2s9j65ah0jnr93cypq0zr-nodejs-23.11.0"
        },
        "aarch64-linux": {
          "outputs": [
            {
              "name": "out",
              "path": "/nix/store/x7ivilhxy8gf1ikriff5xif8pg54jvgr-nodejs-23.11.0",
              "default": true
            },
            {
              "name": "dev",
              "path": "/nix/store/n1n2gq6vnvfi5z7cpbg3gp8256wlz089-nodejs-23.11.0-dev"
            },
            {
              "name": "libv8",
              "path": "/nix/store/86qhml3ncl7i4mib7yavcikacnrixsv2-nodejs-23.11.0-libv8"
            }
          ],
          "store_path": "/nix/store/x7ivilhxy8gf1ikriff5xif8pg54jvgr-nodejs-23.11.0"
        },
        "x86_64-darwin": {
          "outputs": [
            {
              "name": "out",
              "path": "/nix/store/bnv40f11mj4yqshylgyw4vp12vh451hb-nodejs-23.11.0",
              "default": true
            },
            {
              "name": "dev",
              "path": "/nix/store/5xkwl34mg1acklqwmm00zj04k235pkvg-nodejs-23.11.0-dev"
            },
            {
              "name": "libv8",
              "path": "/nix/store/s8k6rdbs4m8nkqq478mvq1xf4jlfhjrj-nodejs-23.11.0-libv8"
            }
          ],
          "store_path": "/nix/store/bnv40f11mj4yqshylgyw4vp12vh451hb-nodejs-23.11.0"
        },
        "x86_64-linux": {
          "outputs": [
            {
              "name": "out",
              "path": "/nix/store/farnym67jl2brs97ihsvziz7gm0yq26l-nodejs-23.11.0",
              "default": true
            },
            {
              "name": "libv8",
              "path": "/nix/store/3kx3gj5ix8nsp63kh3nkvxzbqcic85wx-nodejs-23.11.0-libv8"
            },
            {
              "name": "dev",
              "path": "/nix/store/37nmva83fc0idfd0xk7rq61zgxg0ywab-nodejs-23.11.0-dev"
            }
          ],
          "store_path": "/nix/store/farnym67jl2brs97ihsvziz7gm0yq26l-nodejs-23.11.0"
        }
      }
    },
    "php84Extensions.opentelemetry@latest": {
      "last_modified": "2025-05-19T23:16:24Z",
      "resolved": "github:NixOS/nixpkgs/359c442b7d1f6229c1dc978116d32d6c07fe8440#php84Extensions.opentelemetry",
      "source": "devbox-search",
      "version": "1.1.3",
      "systems": {
        "aarch64-darwin": {
          "outputs": [
            {
              "name": "out",
              "path": "/nix/store/17h8fkyg5hp9fas6iz5j07nahjzqn8y5-php-opentelemetry-1.1.3",
              "default": true
            }
          ],
          "store_path": "/nix/store/17h8fkyg5hp9fas6iz5j07nahjzqn8y5-php-opentelemetry-1.1.3"
        },
        "aarch64-linux": {
          "outputs": [
            {
              "name": "out",
              "path": "/nix/store/41m69hhylr1d5gr9f39p8dqlfmjpcd4d-php-opentelemetry-1.1.3",
              "default": true
            }
          ],
          "store_path": "/nix/store/41m69hhylr1d5gr9f39p8dqlfmjpcd4d-php-opentelemetry-1.1.3"
        },
        "x86_64-darwin": {
          "outputs": [
            {
              "name": "out",
              "path": "/nix/store/4f68ykjk5kvr68clhljx0pn5vqdx42kh-php-opentelemetry-1.1.3",
              "default": true
            }
          ],
          "store_path": "/nix/store/4f68ykjk5kvr68clhljx0pn5vqdx42kh-php-opentelemetry-1.1.3"
        },
        "x86_64-linux": {
          "outputs": [
            {
              "name": "out",
              "path": "/nix/store/7zxlryn1qxqzycz0bp3g4830qv8kv45z-php-opentelemetry-1.1.3",
              "default": true
            }
          ],
          "store_path": "/nix/store/7zxlryn1qxqzycz0bp3g4830qv8kv45z-php-opentelemetry-1.1.3"
        }
      }
    },
    "php84Extensions.xdebug@latest": {
      "last_modified": "2025-05-19T23:16:24Z",
      "resolved": "github:NixOS/nixpkgs/359c442b7d1f6229c1dc978116d32d6c07fe8440#php84Extensions.xdebug",
      "source": "devbox-search",
      "version": "3.4.3",
      "systems": {
        "aarch64-darwin": {
          "outputs": [
            {
              "name": "out",
              "path": "/nix/store/0srisgv4pa2nmg0x5j3291cf4vj5wygl-php-xdebug-3.4.3",
              "default": true
            }
          ],
          "store_path": "/nix/store/0srisgv4pa2nmg0x5j3291cf4vj5wygl-php-xdebug-3.4.3"
        },
        "aarch64-linux": {
          "outputs": [
            {
              "name": "out",
              "path": "/nix/store/l48l9nwwjn3jb3q4vn3ym0qpl0kiyd0x-php-xdebug-3.4.3",
              "default": true
            }
          ],
          "store_path": "/nix/store/l48l9nwwjn3jb3q4vn3ym0qpl0kiyd0x-php-xdebug-3.4.3"
        },
        "x86_64-darwin": {
          "outputs": [
            {
              "name": "out",
              "path": "/nix/store/3n7dg0wrx5s9ncrfa1nn2x62dccvd6nx-php-xdebug-3.4.3",
              "default": true
            }
          ],
          "store_path": "/nix/store/3n7dg0wrx5s9ncrfa1nn2x62dccvd6nx-php-xdebug-3.4.3"
        },
        "x86_64-linux": {
          "outputs": [
            {
              "name": "out",
              "path": "/nix/store/ymyq9zjb1fsy9sxar9ygdj4yvj20fw2z-php-xdebug-3.4.3",
              "default": true
            }
          ],
          "store_path": "/nix/store/ymyq9zjb1fsy9sxar9ygdj4yvj20fw2z-php-xdebug-3.4.3"
        }
      }
    },
    "php@8.4": {
      "last_modified": "2025-05-16T20:19:48Z",
      "plugin_version": "0.0.3",
      "resolved": "github:NixOS/nixpkgs/12a55407652e04dcf2309436eb06fef0d3713ef3#php",
      "source": "devbox-search",
      "version": "8.4.7",
      "systems": {
        "aarch64-darwin": {
          "outputs": [
            {
              "name": "out",
              "path": "/nix/store/m0agp84ayw6maj58c3va922az1f04yby-php-with-extensions-8.4.7",
              "default": true
            }
          ],
          "store_path": "/nix/store/m0agp84ayw6maj58c3va922az1f04yby-php-with-extensions-8.4.7"
        },
        "aarch64-linux": {
          "outputs": [
            {
              "name": "out",
              "path": "/nix/store/306bzm2y4vjzg94rzm8f0sxmjnkyzrap-php-with-extensions-8.4.7",
              "default": true
            }
          ],
          "store_path": "/nix/store/306bzm2y4vjzg94rzm8f0sxmjnkyzrap-php-with-extensions-8.4.7"
        },
        "x86_64-darwin": {
          "outputs": [
            {
              "name": "out",
              "path": "/nix/store/q2ywsfb2azp5nm59pzvaph016niwivc6-php-with-extensions-8.4.7",
              "default": true
            }
          ],
          "store_path": "/nix/store/q2ywsfb2azp5nm59pzvaph016niwivc6-php-with-extensions-8.4.7"
        },
        "x86_64-linux": {
          "outputs": [
            {
              "name": "out",
              "path": "/nix/store/2har6brg74zp3070g785am6jychpv8s1-php-with-extensions-8.4.7",
              "default": true
            }
          ],
          "store_path": "/nix/store/2har6brg74zp3070g785am6jychpv8s1-php-with-extensions-8.4.7"
        }
      }
    }
  }
}
