{
  "lockfile_version": "1",
  "packages": {
    "github:NixOS/nixpkgs/nixpkgs-unstable": {
      "last_modified": "2026-02-13T23:34:13Z",
      "resolved": "github:NixOS/nixpkgs/7d2ae6d8b8b697b5114a4249d0d958ee5f23d8fe?lastModified=1771025653&narHash=sha256-Y7FxD%2FqS8VRBQ7lgJIbMX7HU3FQifaMkJzOPz8NFrac%3D"
    },
    "nodejs@24.12.0": {
      "last_modified": "2025-12-29T16:45:58Z",
      "plugin_version": "0.0.2",
      "resolved": "github:NixOS/nixpkgs/346dd96ad74dc4457a9db9de4f4f57dab2e5731d#nodejs_24",
      "source": "devbox-search",
      "version": "24.12.0",
      "systems": {
        "aarch64-darwin": {
          "outputs": [
            {
              "name": "out",
              "path": "/nix/store/b1h0af3yb3z9jz048phclcqw6ihiww67-nodejs-24.12.0",
              "default": true
            },
            {
              "name": "dev",
              "path": "/nix/store/ksn4nj0nbp0ikmh4scy9x4biqqdswwhy-nodejs-24.12.0-dev"
            },
            {
              "name": "libv8",
              "path": "/nix/store/3x72bm7l30ib7l7cximrp0sklcq8jqwy-nodejs-24.12.0-libv8"
            }
          ],
          "store_path": "/nix/store/b1h0af3yb3z9jz048phclcqw6ihiww67-nodejs-24.12.0"
        },
        "aarch64-linux": {
          "outputs": [
            {
              "name": "out",
              "path": "/nix/store/9jfsyhcr9c6rpm94lrkibv75jkggvwss-nodejs-24.12.0",
              "default": true
            },
            {
              "name": "dev",
              "path": "/nix/store/7izhv9x1yvsmyrhmmyps6bxjjclajm80-nodejs-24.12.0-dev"
            },
            {
              "name": "libv8",
              "path": "/nix/store/8hl74pnc1qyz68rg10ixw7fz32hcxqkk-nodejs-24.12.0-libv8"
            }
          ],
          "store_path": "/nix/store/9jfsyhcr9c6rpm94lrkibv75jkggvwss-nodejs-24.12.0"
        },
        "x86_64-darwin": {
          "outputs": [
            {
              "name": "out",
              "path": "/nix/store/cj1243xswxvnwgifyiyg8axhn0r2vl48-nodejs-24.12.0",
              "default": true
            },
            {
              "name": "dev",
              "path": "/nix/store/kzia3rkaf9vwpn3py23q9v49jpjm6zx7-nodejs-24.12.0-dev"
            },
            {
              "name": "libv8",
              "path": "/nix/store/xszji81xj7ghjhz7jk0jkhb84nfwyd8f-nodejs-24.12.0-libv8"
            }
          ],
          "store_path": "/nix/store/cj1243xswxvnwgifyiyg8axhn0r2vl48-nodejs-24.12.0"
        },
        "x86_64-linux": {
          "outputs": [
            {
              "name": "out",
              "path": "/nix/store/9z1v3wyrxp6fpyzw21lcakd5w7aknzyc-nodejs-24.12.0",
              "default": true
            },
            {
              "name": "libv8",
              "path": "/nix/store/5yvx909wlis13qd2y1ahwl7ij21ma69a-nodejs-24.12.0-libv8"
            },
            {
              "name": "dev",
              "path": "/nix/store/7ll99p08gmpg0n048669p80zjibl5akr-nodejs-24.12.0-dev"
            }
          ],
          "store_path": "/nix/store/9z1v3wyrxp6fpyzw21lcakd5w7aknzyc-nodejs-24.12.0"
        }
      }
    },
    "php84Extensions.opentelemetry@latest": {
      "last_modified": "2026-02-06T12:24:04Z",
      "resolved": "github:NixOS/nixpkgs/ae67888ff7ef9dff69b3cf0cc0fbfbcd3a722abe#php84Extensions.opentelemetry",
      "source": "devbox-search",
      "version": "1.2.1",
      "systems": {
        "aarch64-darwin": {
          "outputs": [
            {
              "name": "out",
              "path": "/nix/store/jlckzdila06hhw7v6007ba9ncx9vpxq6-php-opentelemetry-1.2.1",
              "default": true
            }
          ],
          "store_path": "/nix/store/jlckzdila06hhw7v6007ba9ncx9vpxq6-php-opentelemetry-1.2.1"
        },
        "aarch64-linux": {
          "outputs": [
            {
              "name": "out",
              "path": "/nix/store/gfvv1flnk2lywh8ndp1r28wq7wklrbdq-php-opentelemetry-1.2.1",
              "default": true
            }
          ],
          "store_path": "/nix/store/gfvv1flnk2lywh8ndp1r28wq7wklrbdq-php-opentelemetry-1.2.1"
        },
        "x86_64-darwin": {
          "outputs": [
            {
              "name": "out",
              "path": "/nix/store/32dgj8a2947n9c7xnn7m3fvg3idaxvg9-php-opentelemetry-1.2.1",
              "default": true
            }
          ],
          "store_path": "/nix/store/32dgj8a2947n9c7xnn7m3fvg3idaxvg9-php-opentelemetry-1.2.1"
        },
        "x86_64-linux": {
          "outputs": [
            {
              "name": "out",
              "path": "/nix/store/dd7md91dmxawcvhmf38sndyd343yz061-php-opentelemetry-1.2.1",
              "default": true
            }
          ],
          "store_path": "/nix/store/dd7md91dmxawcvhmf38sndyd343yz061-php-opentelemetry-1.2.1"
        }
      }
    },
    "php84Extensions.xdebug@latest": {
      "last_modified": "2026-02-06T12:24:04Z",
      "resolved": "github:NixOS/nixpkgs/ae67888ff7ef9dff69b3cf0cc0fbfbcd3a722abe#php84Extensions.xdebug",
      "source": "devbox-search",
      "version": "3.5.0",
      "systems": {
        "aarch64-darwin": {
          "outputs": [
            {
              "name": "out",
              "path": "/nix/store/63frcjzpfpkyc8wfp1av0mwgd5fp905a-php-xdebug-3.5.0",
              "default": true
            }
          ],
          "store_path": "/nix/store/63frcjzpfpkyc8wfp1av0mwgd5fp905a-php-xdebug-3.5.0"
        },
        "aarch64-linux": {
          "outputs": [
            {
              "name": "out",
              "path": "/nix/store/vddhnmdspwg3j1zfzlg4mjg423s0mmzk-php-xdebug-3.5.0",
              "default": true
            }
          ],
          "store_path": "/nix/store/vddhnmdspwg3j1zfzlg4mjg423s0mmzk-php-xdebug-3.5.0"
        },
        "x86_64-darwin": {
          "outputs": [
            {
              "name": "out",
              "path": "/nix/store/m21mdsd29p8xd2ydfg52dqhds2g7v49l-php-xdebug-3.5.0",
              "default": true
            }
          ],
          "store_path": "/nix/store/m21mdsd29p8xd2ydfg52dqhds2g7v49l-php-xdebug-3.5.0"
        },
        "x86_64-linux": {
          "outputs": [
            {
              "name": "out",
              "path": "/nix/store/zg3ll3w11l88bmyvh5car2jv55vykzy6-php-xdebug-3.5.0",
              "default": true
            }
          ],
          "store_path": "/nix/store/zg3ll3w11l88bmyvh5car2jv55vykzy6-php-xdebug-3.5.0"
        }
      }
    },
    "php@8.4.17": {
      "last_modified": "2026-02-06T12:24:04Z",
      "plugin_version": "0.0.3",
      "resolved": "github:NixOS/nixpkgs/ae67888ff7ef9dff69b3cf0cc0fbfbcd3a722abe#php",
      "source": "devbox-search",
      "version": "8.4.17",
      "systems": {
        "aarch64-darwin": {
          "outputs": [
            {
              "name": "out",
              "path": "/nix/store/in1slybl89zay85knrqj2d7kdzwy9i8m-php-with-extensions-8.4.17",
              "default": true
            }
          ],
          "store_path": "/nix/store/in1slybl89zay85knrqj2d7kdzwy9i8m-php-with-extensions-8.4.17"
        },
        "aarch64-linux": {
          "outputs": [
            {
              "name": "out",
              "path": "/nix/store/5ja907v977470pjcklzg7gs4jqv2igmr-php-with-extensions-8.4.17",
              "default": true
            }
          ],
          "store_path": "/nix/store/5ja907v977470pjcklzg7gs4jqv2igmr-php-with-extensions-8.4.17"
        },
        "x86_64-darwin": {
          "outputs": [
            {
              "name": "out",
              "path": "/nix/store/qvbw7jkjklmsd30w1a5idl60wahwn8sd-php-with-extensions-8.4.17",
              "default": true
            }
          ],
          "store_path": "/nix/store/qvbw7jkjklmsd30w1a5idl60wahwn8sd-php-with-extensions-8.4.17"
        },
        "x86_64-linux": {
          "outputs": [
            {
              "name": "out",
              "path": "/nix/store/6m4jrz2w1rj0iqal9y93smq3wk0wdsmg-php-with-extensions-8.4.17",
              "default": true
            }
          ],
          "store_path": "/nix/store/6m4jrz2w1rj0iqal9y93smq3wk0wdsmg-php-with-extensions-8.4.17"
        }
      }
    }
  }
}
