{
  "lockfile_version": "1",
  "packages": {
    "github:NixOS/nixpkgs/nixpkgs-unstable": {
      "last_modified": "2026-05-26T09:13:58Z",
      "resolved": "github:NixOS/nixpkgs/f44f7788c891fbe5542177df78374f8cdab10e8f?lastModified=1779786838&narHash=sha256-0geHoGiR5f8qiXg%2BgO4rSF6Up6Var%2BkKqiOv9AO%2FuUc%3D"
    },
    "php84Extensions.opentelemetry@latest": {
      "last_modified": "2026-05-11T00:16:55Z",
      "resolved": "github:NixOS/nixpkgs/c6e5ca3c836a5f4dd9af9f2c1fc1c38f0fac988a#php84Extensions.opentelemetry",
      "source": "devbox-search",
      "version": "1.3.1",
      "systems": {
        "aarch64-darwin": {
          "outputs": [
            {
              "name": "out",
              "path": "/nix/store/mlrmz160v57imhd9gfgrxjy3xbxis789-php-opentelemetry-1.3.1",
              "default": true
            }
          ],
          "store_path": "/nix/store/mlrmz160v57imhd9gfgrxjy3xbxis789-php-opentelemetry-1.3.1"
        },
        "aarch64-linux": {
          "outputs": [
            {
              "name": "out",
              "path": "/nix/store/7b684nhw1w6i47rrp4y3rj81bs526sp4-php-opentelemetry-1.3.1",
              "default": true
            }
          ],
          "store_path": "/nix/store/7b684nhw1w6i47rrp4y3rj81bs526sp4-php-opentelemetry-1.3.1"
        },
        "x86_64-darwin": {
          "outputs": [
            {
              "name": "out",
              "path": "/nix/store/nw2c6vm82nwpwcxhn99m869y8mwjy37h-php-opentelemetry-1.3.1",
              "default": true
            }
          ],
          "store_path": "/nix/store/nw2c6vm82nwpwcxhn99m869y8mwjy37h-php-opentelemetry-1.3.1"
        },
        "x86_64-linux": {
          "outputs": [
            {
              "name": "out",
              "path": "/nix/store/c1hly98m7kknkcs4s7s0wfg0gf26q738-php-opentelemetry-1.3.1",
              "default": true
            }
          ],
          "store_path": "/nix/store/c1hly98m7kknkcs4s7s0wfg0gf26q738-php-opentelemetry-1.3.1"
        }
      }
    },
    "php84Extensions.xdebug@latest": {
      "last_modified": "2026-05-11T00:16:55Z",
      "resolved": "github:NixOS/nixpkgs/c6e5ca3c836a5f4dd9af9f2c1fc1c38f0fac988a#php84Extensions.xdebug",
      "source": "devbox-search",
      "version": "3.5.1",
      "systems": {
        "aarch64-darwin": {
          "outputs": [
            {
              "name": "out",
              "path": "/nix/store/azzhghx9d0ivm51v8bqmqmgg97bvs39a-php-xdebug-3.5.1",
              "default": true
            }
          ],
          "store_path": "/nix/store/azzhghx9d0ivm51v8bqmqmgg97bvs39a-php-xdebug-3.5.1"
        },
        "aarch64-linux": {
          "outputs": [
            {
              "name": "out",
              "path": "/nix/store/76yb5xap7hfzli4bnx6fky6wfb2zxnr8-php-xdebug-3.5.1",
              "default": true
            }
          ],
          "store_path": "/nix/store/76yb5xap7hfzli4bnx6fky6wfb2zxnr8-php-xdebug-3.5.1"
        },
        "x86_64-darwin": {
          "outputs": [
            {
              "name": "out",
              "path": "/nix/store/302kry5q9an402yar9a15nbmwmjhywx9-php-xdebug-3.5.1",
              "default": true
            }
          ],
          "store_path": "/nix/store/302kry5q9an402yar9a15nbmwmjhywx9-php-xdebug-3.5.1"
        },
        "x86_64-linux": {
          "outputs": [
            {
              "name": "out",
              "path": "/nix/store/0cm9xwfinlv63i3dhylrr2qhfm26bj33-php-xdebug-3.5.1",
              "default": true
            }
          ],
          "store_path": "/nix/store/0cm9xwfinlv63i3dhylrr2qhfm26bj33-php-xdebug-3.5.1"
        }
      }
    },
    "php@8.4.21": {
      "last_modified": "2026-05-11T00:16:55Z",
      "plugin_version": "0.0.3",
      "resolved": "github:NixOS/nixpkgs/c6e5ca3c836a5f4dd9af9f2c1fc1c38f0fac988a#php",
      "source": "devbox-search",
      "version": "8.4.21",
      "systems": {
        "aarch64-darwin": {
          "outputs": [
            {
              "name": "out",
              "path": "/nix/store/f59gvr6pwdlnb6qh3ydzh0x7wzzfzyqx-php-with-extensions-8.4.21",
              "default": true
            }
          ],
          "store_path": "/nix/store/f59gvr6pwdlnb6qh3ydzh0x7wzzfzyqx-php-with-extensions-8.4.21"
        },
        "aarch64-linux": {
          "outputs": [
            {
              "name": "out",
              "path": "/nix/store/zc4xhdgh5r24f2z16z032584m87ryd5m-php-with-extensions-8.4.21",
              "default": true
            }
          ],
          "store_path": "/nix/store/zc4xhdgh5r24f2z16z032584m87ryd5m-php-with-extensions-8.4.21"
        },
        "x86_64-darwin": {
          "outputs": [
            {
              "name": "out",
              "path": "/nix/store/ja2pqllhdfmyx1vx7xpdx2l2xywwmycn-php-with-extensions-8.4.21",
              "default": true
            }
          ],
          "store_path": "/nix/store/ja2pqllhdfmyx1vx7xpdx2l2xywwmycn-php-with-extensions-8.4.21"
        },
        "x86_64-linux": {
          "outputs": [
            {
              "name": "out",
              "path": "/nix/store/h14478j85vrxw1l7f16jy9pp21rapywm-php-with-extensions-8.4.21",
              "default": true
            }
          ],
          "store_path": "/nix/store/h14478j85vrxw1l7f16jy9pp21rapywm-php-with-extensions-8.4.21"
        }
      }
    }
  }
}
